
Microsoft Visual Studio Solution File, Format Version 12.00
# Visual Studio 15
VisualStudioVersion = 15.0.26403.7
MinimumVisualStudioVersion = 10.0.40219.1
Project("{FAE04EC0-301F-11D3-BF4B-00C04F79EFBC}") = "QSharpTest", "QSharpTest\QSharpTest.csproj", "{9D366B80-049D-4734-BA87-78FBA06B4876}"
EndProject
Project("{FAE04EC0-301F-11D3-BF4B-00C04F79EFBC}") = "QSharpTestG", "QSharpTestG\QSharpTestG.csproj", "{92F4A341-663A-4B08-AE54-C4770DC4D52C}"
EndProject
Project("{FAE04EC0-301F-11D3-BF4B-00C04F79EFBC}") = "QSharp.Scheme.Utility.HbSpaceMgmt", "QSharp.Scheme.Utility.HbSpaceMgmt\QSharp.Scheme.Utility.HbSpaceMgmt.csproj", "{BB89281C-C9C9-42E7-8D68-73E393763E3A}"
EndProject
Project("{FAE04EC0-301F-11D3-BF4B-00C04F79EFBC}") = "QSharp.Scheme.Classical.Hash", "QSharp.Scheme.Classical.Hash\QSharp.Scheme.Classical.Hash.csproj", "{855CFE2A-EB4B-4AE1-9390-7211C4A1739C}"
EndProject
Project("{FAE04EC0-301F-11D3-BF4B-00C04F79EFBC}") = "QSharp.Scheme.Classical.Sequential", "QSharp.Scheme.Classical.Sequential\QSharp.Scheme.Classical.Sequential.csproj", "{3FB8608B-0AB5-44CC-820A-F2DC23200553}"
EndProject
Project("{FAE04EC0-301F-11D3-BF4B-00C04F79EFBC}") = "QSharp.String.ExpressionEvaluation", "QSharp.String.ExpressionEvaluation\QSharp.String.ExpressionEvaluation.csproj", "{3F2FAA0E-9C17-4D12-8ECB-28F3B53165CE}"
EndProject
Project("{FAE04EC0-301F-11D3-BF4B-00C04F79EFBC}") = "QSharp.String.Arithmetic", "QSharp.String.Arithmetic\QSharp.String.Arithmetic.csproj", "{97003447-C035-4D24-BB27-B731635CE146}"
EndProject
Project("{FAE04EC0-301F-11D3-BF4B-00C04F79EFBC}") = "QSharp.Scheme.Mathematics", "QSharp.Scheme.Mathematics\QSharp.Scheme.Mathematics.csproj", "{F9E4A9B9-9712-40CF-860E-BDF96009F861}"
EndProject
Project("{FAE04EC0-301F-11D3-BF4B-00C04F79EFBC}") = "QSharp.Scheme.ExactCover", "QSharp.Scheme.ExactCover\QSharp.Scheme.ExactCover.csproj", "{B0C01EA7-99A0-454C-8836-EA4BE34FF3CB}"
EndProject
Project("{FAE04EC0-301F-11D3-BF4B-00C04F79EFBC}") = "QSharp.Signal.NeuralNetwork", "QSharp.Signal.NeuralNetwork\QSharp.Signal.NeuralNetwork.csproj", "{1410A802-570D-45E1-A126-51EF5FD19B6E}"
EndProject
Project("{FAE04EC0-301F-11D3-BF4B-00C04F79EFBC}") = "QSharp.Signal.Classic", "QSharp.Signal.Classic\QSharp.Signal.Classic.csproj", "{A651C81C-B078-4476-9F79-606971C97814}"
EndProject
Project("{FAE04EC0-301F-11D3-BF4B-00C04F79EFBC}") = "QSharp.String.Stream", "QSharp.String.Stream\QSharp.String.Stream.csproj", "{A4302CA4-A70A-433C-8AB7-EB0E639B60DB}"
EndProject
Project("{FAE04EC0-301F-11D3-BF4B-00C04F79EFBC}") = "QSharp.String", "QSharp.String\QSharp.String.csproj", "{9FFBFDD7-996D-4511-888C-1722B8ED9272}"
EndProject
Project("{FAE04EC0-301F-11D3-BF4B-00C04F79EFBC}") = "QSharp.Scheme.Classical.Graphs", "QSharp.Scheme.Classical.Graphs\QSharp.Scheme.Classical.Graphs.csproj", "{5B886FE7-7D13-4F99-8BA8-AE99C6B945EE}"
EndProject
Project("{FAE04EC0-301F-11D3-BF4B-00C04F79EFBC}") = "QSharp.String.Rex", "QSharp.String.Rex\QSharp.String.Rex.csproj", "{01588FBD-F4E8-4DB7-86C6-14D701104A94}"
EndProject
Project("{2150E333-8FDC-42A3-9474-1A3956D46DE8}") = "Scheme", "Scheme", "{6AE3E9DC-548F-412B-91B2-C3897700B5A2}"
EndProject
Project("{2150E333-8FDC-42A3-9474-1A3956D46DE8}") = "Signal", "Signal", "{19B1C6DD-98FF-4C9A-B757-55F1B6E42D33}"
EndProject
Project("{2150E333-8FDC-42A3-9474-1A3956D46DE8}") = "String", "String", "{3F2AB5CE-34B1-41AA-A5A6-DAAD604530E5}"
EndProject
Project("{2150E333-8FDC-42A3-9474-1A3956D46DE8}") = "Shader", "Shader", "{1A4BFC28-313B-4906-A3FC-C4C6498B245E}"
EndProject
Project("{2150E333-8FDC-42A3-9474-1A3956D46DE8}") = "Shared", "Shared", "{434FA1A9-D720-4437-8E72-68DE20EEB113}"
EndProject
Project("{2150E333-8FDC-42A3-9474-1A3956D46DE8}") = "Tests", "Tests", "{029AC28E-DE73-4FEC-BDB3-C4A0BA1A1F18}"
EndProject
Project("{FAE04EC0-301F-11D3-BF4B-00C04F79EFBC}") = "QSharp.Scheme.CSharpRocks", "QSharp.Scheme.CSharpRocks\QSharp.Scheme.CSharpRocks.csproj", "{63430ECB-590A-4049-841F-12190D75993F}"
EndProject
Project("{FAE04EC0-301F-11D3-BF4B-00C04F79EFBC}") = "QSharp.Shared", "QSharp.Shared\QSharp.Shared.csproj", "{0C8DFED7-19C5-4280-84DC-E6AE5573695F}"
EndProject
Project("{FAE04EC0-301F-11D3-BF4B-00C04F79EFBC}") = "QSharp.Scheme.Classical.Trees", "QSharp.Scheme.Classical.Trees\QSharp.Scheme.Classical.Trees.csproj", "{A297C131-4FAB-4F8F-B9B8-B5048FC12236}"
EndProject
Project("{FAE04EC0-301F-11D3-BF4B-00C04F79EFBC}") = "QSharp.String.Compiler", "QSharp.String.Compiler\QSharp.String.Compiler.csproj", "{8985E290-C7A0-4FBE-B9DB-0DF44F4020F2}"
EndProject
Project("{FAE04EC0-301F-11D3-BF4B-00C04F79EFBC}") = "QSharp.Scheme.Utility", "QSharp.Scheme.Utility\QSharp.Scheme.Utility.csproj", "{675AD4FB-C3D9-4A41-84C9-8EBE047742AE}"
EndProject
Project("{FAE04EC0-301F-11D3-BF4B-00C04F79EFBC}") = "QSharp.Shader", "QSharp.Shader\QSharp.Shader.csproj", "{A4A38FB6-F593-446B-9440-5CAF0666DFA1}"
EndProject
Project("{FAE04EC0-301F-11D3-BF4B-00C04F79EFBC}") = "QSharp.Shader.Graphics", "QSharp.Shader.Graphics\QSharp.Shader.Graphics.csproj", "{F3D1CD7F-9639-424D-B391-360F9B720AAA}"
EndProject
Project("{FAE04EC0-301F-11D3-BF4B-00C04F79EFBC}") = "QSharp.Shader.Geometry.Triangulation", "QSharp.Shader.Geometry.Triangulation\QSharp.Shader.Geometry.Triangulation.csproj", "{FE824085-880B-4BEF-A7E3-CF1826E43C93}"
EndProject
Project("{FAE04EC0-301F-11D3-BF4B-00C04F79EFBC}") = "QSharp.Scheme.Threading", "QSharp.Scheme.Threading\QSharp.Scheme.Threading.csproj", "{EE2D978A-7E76-4F3C-813B-8FBCE6C37DA0}"
EndProject
Project("{FAE04EC0-301F-11D3-BF4B-00C04F79EFBC}") = "QSharp.Scheme.Buffering", "QSharp.Scheme.Buffering\QSharp.Scheme.Buffering.csproj", "{45AB9F59-7434-4522-B888-AAB41F50993B}"
EndProject
Project("{FAE04EC0-301F-11D3-BF4B-00C04F79EFBC}") = "QSharp.Signal.Visual", "QSharp.Signal.Visual\QSharp.Signal.Visual.csproj", "{ACCDCAE3-B3AD-4462-8CED-A04C55E6E14A}"
EndProject
Project("{FAE04EC0-301F-11D3-BF4B-00C04F79EFBC}") = "QSharp.Classical.Algorithms", "QSharp.Classical.Abstract\QSharp.Classical.Algorithms.csproj", "{CEA2451F-4E90-4FBD-84F9-BDFE71F5C3B3}"
EndProject
Global
	GlobalSection(SolutionConfigurationPlatforms) = preSolution
		Debug|Any CPU = Debug|Any CPU
		Release|Any CPU = Release|Any CPU
	EndGlobalSection
	GlobalSection(ProjectConfigurationPlatforms) = postSolution
		{9D366B80-049D-4734-BA87-78FBA06B4876}.Debug|Any CPU.ActiveCfg = Debug|Any CPU
		{9D366B80-049D-4734-BA87-78FBA06B4876}.Debug|Any CPU.Build.0 = Debug|Any CPU
		{9D366B80-049D-4734-BA87-78FBA06B4876}.Release|Any CPU.ActiveCfg = Release|Any CPU
		{9D366B80-049D-4734-BA87-78FBA06B4876}.Release|Any CPU.Build.0 = Release|Any CPU
		{92F4A341-663A-4B08-AE54-C4770DC4D52C}.Debug|Any CPU.ActiveCfg = Debug|Any CPU
		{92F4A341-663A-4B08-AE54-C4770DC4D52C}.Debug|Any CPU.Build.0 = Debug|Any CPU
		{92F4A341-663A-4B08-AE54-C4770DC4D52C}.Release|Any CPU.ActiveCfg = Release|Any CPU
		{92F4A341-663A-4B08-AE54-C4770DC4D52C}.Release|Any CPU.Build.0 = Release|Any CPU
		{BB89281C-C9C9-42E7-8D68-73E393763E3A}.Debug|Any CPU.ActiveCfg = Debug|Any CPU
		{BB89281C-C9C9-42E7-8D68-73E393763E3A}.Debug|Any CPU.Build.0 = Debug|Any CPU
		{BB89281C-C9C9-42E7-8D68-73E393763E3A}.Release|Any CPU.ActiveCfg = Release|Any CPU
		{BB89281C-C9C9-42E7-8D68-73E393763E3A}.Release|Any CPU.Build.0 = Release|Any CPU
		{855CFE2A-EB4B-4AE1-9390-7211C4A1739C}.Debug|Any CPU.ActiveCfg = Debug|Any CPU
		{855CFE2A-EB4B-4AE1-9390-7211C4A1739C}.Debug|Any CPU.Build.0 = Debug|Any CPU
		{855CFE2A-EB4B-4AE1-9390-7211C4A1739C}.Release|Any CPU.ActiveCfg = Release|Any CPU
		{855CFE2A-EB4B-4AE1-9390-7211C4A1739C}.Release|Any CPU.Build.0 = Release|Any CPU
		{3FB8608B-0AB5-44CC-820A-F2DC23200553}.Debug|Any CPU.ActiveCfg = Debug|Any CPU
		{3FB8608B-0AB5-44CC-820A-F2DC23200553}.Debug|Any CPU.Build.0 = Debug|Any CPU
		{3FB8608B-0AB5-44CC-820A-F2DC23200553}.Release|Any CPU.ActiveCfg = Release|Any CPU
		{3FB8608B-0AB5-44CC-820A-F2DC23200553}.Release|Any CPU.Build.0 = Release|Any CPU
		{3F2FAA0E-9C17-4D12-8ECB-28F3B53165CE}.Debug|Any CPU.ActiveCfg = Debug|Any CPU
		{3F2FAA0E-9C17-4D12-8ECB-28F3B53165CE}.Debug|Any CPU.Build.0 = Debug|Any CPU
		{3F2FAA0E-9C17-4D12-8ECB-28F3B53165CE}.Release|Any CPU.ActiveCfg = Release|Any CPU
		{3F2FAA0E-9C17-4D12-8ECB-28F3B53165CE}.Release|Any CPU.Build.0 = Release|Any CPU
		{97003447-C035-4D24-BB27-B731635CE146}.Debug|Any CPU.ActiveCfg = Debug|Any CPU
		{97003447-C035-4D24-BB27-B731635CE146}.Debug|Any CPU.Build.0 = Debug|Any CPU
		{97003447-C035-4D24-BB27-B731635CE146}.Release|Any CPU.ActiveCfg = Release|Any CPU
		{97003447-C035-4D24-BB27-B731635CE146}.Release|Any CPU.Build.0 = Release|Any CPU
		{F9E4A9B9-9712-40CF-860E-BDF96009F861}.Debug|Any CPU.ActiveCfg = Debug|Any CPU
		{F9E4A9B9-9712-40CF-860E-BDF96009F861}.Debug|Any CPU.Build.0 = Debug|Any CPU
		{F9E4A9B9-9712-40CF-860E-BDF96009F861}.Release|Any CPU.ActiveCfg = Release|Any CPU
		{F9E4A9B9-9712-40CF-860E-BDF96009F861}.Release|Any CPU.Build.0 = Release|Any CPU
		{B0C01EA7-99A0-454C-8836-EA4BE34FF3CB}.Debug|Any CPU.ActiveCfg = Debug|Any CPU
		{B0C01EA7-99A0-454C-8836-EA4BE34FF3CB}.Debug|Any CPU.Build.0 = Debug|Any CPU
		{B0C01EA7-99A0-454C-8836-EA4BE34FF3CB}.Release|Any CPU.ActiveCfg = Release|Any CPU
		{B0C01EA7-99A0-454C-8836-EA4BE34FF3CB}.Release|Any CPU.Build.0 = Release|Any CPU
		{1410A802-570D-45E1-A126-51EF5FD19B6E}.Debug|Any CPU.ActiveCfg = Debug|Any CPU
		{1410A802-570D-45E1-A126-51EF5FD19B6E}.Debug|Any CPU.Build.0 = Debug|Any CPU
		{1410A802-570D-45E1-A126-51EF5FD19B6E}.Release|Any CPU.ActiveCfg = Release|Any CPU
		{1410A802-570D-45E1-A126-51EF5FD19B6E}.Release|Any CPU.Build.0 = Release|Any CPU
		{A651C81C-B078-4476-9F79-606971C97814}.Debug|Any CPU.ActiveCfg = Debug|Any CPU
		{A651C81C-B078-4476-9F79-606971C97814}.Debug|Any CPU.Build.0 = Debug|Any CPU
		{A651C81C-B078-4476-9F79-606971C97814}.Release|Any CPU.ActiveCfg = Release|Any CPU
		{A651C81C-B078-4476-9F79-606971C97814}.Release|Any CPU.Build.0 = Release|Any CPU
		{A4302CA4-A70A-433C-8AB7-EB0E639B60DB}.Debug|Any CPU.ActiveCfg = Debug|Any CPU
		{A4302CA4-A70A-433C-8AB7-EB0E639B60DB}.Debug|Any CPU.Build.0 = Debug|Any CPU
		{A4302CA4-A70A-433C-8AB7-EB0E639B60DB}.Release|Any CPU.ActiveCfg = Release|Any CPU
		{A4302CA4-A70A-433C-8AB7-EB0E639B60DB}.Release|Any CPU.Build.0 = Release|Any CPU
		{9FFBFDD7-996D-4511-888C-1722B8ED9272}.Debug|Any CPU.ActiveCfg = Debug|Any CPU
		{9FFBFDD7-996D-4511-888C-1722B8ED9272}.Debug|Any CPU.Build.0 = Debug|Any CPU
		{9FFBFDD7-996D-4511-888C-1722B8ED9272}.Release|Any CPU.ActiveCfg = Release|Any CPU
		{9FFBFDD7-996D-4511-888C-1722B8ED9272}.Release|Any CPU.Build.0 = Release|Any CPU
		{5B886FE7-7D13-4F99-8BA8-AE99C6B945EE}.Debug|Any CPU.ActiveCfg = Debug|Any CPU
		{5B886FE7-7D13-4F99-8BA8-AE99C6B945EE}.Debug|Any CPU.Build.0 = Debug|Any CPU
		{5B886FE7-7D13-4F99-8BA8-AE99C6B945EE}.Release|Any CPU.ActiveCfg = Release|Any CPU
		{5B886FE7-7D13-4F99-8BA8-AE99C6B945EE}.Release|Any CPU.Build.0 = Release|Any CPU
		{01588FBD-F4E8-4DB7-86C6-14D701104A94}.Debug|Any CPU.ActiveCfg = Debug|Any CPU
		{01588FBD-F4E8-4DB7-86C6-14D701104A94}.Debug|Any CPU.Build.0 = Debug|Any CPU
		{01588FBD-F4E8-4DB7-86C6-14D701104A94}.Release|Any CPU.ActiveCfg = Release|Any CPU
		{01588FBD-F4E8-4DB7-86C6-14D701104A94}.Release|Any CPU.Build.0 = Release|Any CPU
		{63430ECB-590A-4049-841F-12190D75993F}.Debug|Any CPU.ActiveCfg = Debug|Any CPU
		{63430ECB-590A-4049-841F-12190D75993F}.Debug|Any CPU.Build.0 = Debug|Any CPU
		{63430ECB-590A-4049-841F-12190D75993F}.Release|Any CPU.ActiveCfg = Release|Any CPU
		{63430ECB-590A-4049-841F-12190D75993F}.Release|Any CPU.Build.0 = Release|Any CPU
		{0C8DFED7-19C5-4280-84DC-E6AE5573695F}.Debug|Any CPU.ActiveCfg = Debug|Any CPU
		{0C8DFED7-19C5-4280-84DC-E6AE5573695F}.Debug|Any CPU.Build.0 = Debug|Any CPU
		{0C8DFED7-19C5-4280-84DC-E6AE5573695F}.Release|Any CPU.ActiveCfg = Release|Any CPU
		{0C8DFED7-19C5-4280-84DC-E6AE5573695F}.Release|Any CPU.Build.0 = Release|Any CPU
		{A297C131-4FAB-4F8F-B9B8-B5048FC12236}.Debug|Any CPU.ActiveCfg = Debug|Any CPU
		{A297C131-4FAB-4F8F-B9B8-B5048FC12236}.Debug|Any CPU.Build.0 = Debug|Any CPU
		{A297C131-4FAB-4F8F-B9B8-B5048FC12236}.Release|Any CPU.ActiveCfg = Release|Any CPU
		{A297C131-4FAB-4F8F-B9B8-B5048FC12236}.Release|Any CPU.Build.0 = Release|Any CPU
		{8985E290-C7A0-4FBE-B9DB-0DF44F4020F2}.Debug|Any CPU.ActiveCfg = Debug|Any CPU
		{8985E290-C7A0-4FBE-B9DB-0DF44F4020F2}.Debug|Any CPU.Build.0 = Debug|Any CPU
		{8985E290-C7A0-4FBE-B9DB-0DF44F4020F2}.Release|Any CPU.ActiveCfg = Release|Any CPU
		{8985E290-C7A0-4FBE-B9DB-0DF44F4020F2}.Release|Any CPU.Build.0 = Release|Any CPU
		{675AD4FB-C3D9-4A41-84C9-8EBE047742AE}.Debug|Any CPU.ActiveCfg = Debug|Any CPU
		{675AD4FB-C3D9-4A41-84C9-8EBE047742AE}.Debug|Any CPU.Build.0 = Debug|Any CPU
		{675AD4FB-C3D9-4A41-84C9-8EBE047742AE}.Release|Any CPU.ActiveCfg = Release|Any CPU
		{675AD4FB-C3D9-4A41-84C9-8EBE047742AE}.Release|Any CPU.Build.0 = Release|Any CPU
		{A4A38FB6-F593-446B-9440-5CAF0666DFA1}.Debug|Any CPU.ActiveCfg = Debug|Any CPU
		{A4A38FB6-F593-446B-9440-5CAF0666DFA1}.Debug|Any CPU.Build.0 = Debug|Any CPU
		{A4A38FB6-F593-446B-9440-5CAF0666DFA1}.Release|Any CPU.ActiveCfg = Release|Any CPU
		{A4A38FB6-F593-446B-9440-5CAF0666DFA1}.Release|Any CPU.Build.0 = Release|Any CPU
		{F3D1CD7F-9639-424D-B391-360F9B720AAA}.Debug|Any CPU.ActiveCfg = Debug|Any CPU
		{F3D1CD7F-9639-424D-B391-360F9B720AAA}.Debug|Any CPU.Build.0 = Debug|Any CPU
		{F3D1CD7F-9639-424D-B391-360F9B720AAA}.Release|Any CPU.ActiveCfg = Release|Any CPU
		{F3D1CD7F-9639-424D-B391-360F9B720AAA}.Release|Any CPU.Build.0 = Release|Any CPU
		{FE824085-880B-4BEF-A7E3-CF1826E43C93}.Debug|Any CPU.ActiveCfg = Debug|Any CPU
		{FE824085-880B-4BEF-A7E3-CF1826E43C93}.Debug|Any CPU.Build.0 = Debug|Any CPU
		{FE824085-880B-4BEF-A7E3-CF1826E43C93}.Release|Any CPU.ActiveCfg = Release|Any CPU
		{FE824085-880B-4BEF-A7E3-CF1826E43C93}.Release|Any CPU.Build.0 = Release|Any CPU
		{EE2D978A-7E76-4F3C-813B-8FBCE6C37DA0}.Debug|Any CPU.ActiveCfg = Debug|Any CPU
		{EE2D978A-7E76-4F3C-813B-8FBCE6C37DA0}.Debug|Any CPU.Build.0 = Debug|Any CPU
		{EE2D978A-7E76-4F3C-813B-8FBCE6C37DA0}.Release|Any CPU.ActiveCfg = Release|Any CPU
		{EE2D978A-7E76-4F3C-813B-8FBCE6C37DA0}.Release|Any CPU.Build.0 = Release|Any CPU
		{45AB9F59-7434-4522-B888-AAB41F50993B}.Debug|Any CPU.ActiveCfg = Debug|Any CPU
		{45AB9F59-7434-4522-B888-AAB41F50993B}.Debug|Any CPU.Build.0 = Debug|Any CPU
		{45AB9F59-7434-4522-B888-AAB41F50993B}.Release|Any CPU.ActiveCfg = Release|Any CPU
		{45AB9F59-7434-4522-B888-AAB41F50993B}.Release|Any CPU.Build.0 = Release|Any CPU
		{ACCDCAE3-B3AD-4462-8CED-A04C55E6E14A}.Debug|Any CPU.ActiveCfg = Debug|Any CPU
		{ACCDCAE3-B3AD-4462-8CED-A04C55E6E14A}.Debug|Any CPU.Build.0 = Debug|Any CPU
		{ACCDCAE3-B3AD-4462-8CED-A04C55E6E14A}.Release|Any CPU.ActiveCfg = Release|Any CPU
		{ACCDCAE3-B3AD-4462-8CED-A04C55E6E14A}.Release|Any CPU.Build.0 = Release|Any CPU
		{CEA2451F-4E90-4FBD-84F9-BDFE71F5C3B3}.Debug|Any CPU.ActiveCfg = Debug|Any CPU
		{CEA2451F-4E90-4FBD-84F9-BDFE71F5C3B3}.Debug|Any CPU.Build.0 = Debug|Any CPU
		{CEA2451F-4E90-4FBD-84F9-BDFE71F5C3B3}.Release|Any CPU.ActiveCfg = Release|Any CPU
		{CEA2451F-4E90-4FBD-84F9-BDFE71F5C3B3}.Release|Any CPU.Build.0 = Release|Any CPU
	EndGlobalSection
	GlobalSection(SolutionProperties) = preSolution
		HideSolutionNode = FALSE
	EndGlobalSection
	GlobalSection(NestedProjects) = preSolution
		{9D366B80-049D-4734-BA87-78FBA06B4876} = {029AC28E-DE73-4FEC-BDB3-C4A0BA1A1F18}
		{92F4A341-663A-4B08-AE54-C4770DC4D52C} = {029AC28E-DE73-4FEC-BDB3-C4A0BA1A1F18}
		{BB89281C-C9C9-42E7-8D68-73E393763E3A} = {6AE3E9DC-548F-412B-91B2-C3897700B5A2}
		{855CFE2A-EB4B-4AE1-9390-7211C4A1739C} = {6AE3E9DC-548F-412B-91B2-C3897700B5A2}
		{3FB8608B-0AB5-44CC-820A-F2DC23200553} = {6AE3E9DC-548F-412B-91B2-C3897700B5A2}
		{3F2FAA0E-9C17-4D12-8ECB-28F3B53165CE} = {3F2AB5CE-34B1-41AA-A5A6-DAAD604530E5}
		{97003447-C035-4D24-BB27-B731635CE146} = {3F2AB5CE-34B1-41AA-A5A6-DAAD604530E5}
		{F9E4A9B9-9712-40CF-860E-BDF96009F861} = {6AE3E9DC-548F-412B-91B2-C3897700B5A2}
		{B0C01EA7-99A0-454C-8836-EA4BE34FF3CB} = {6AE3E9DC-548F-412B-91B2-C3897700B5A2}
		{1410A802-570D-45E1-A126-51EF5FD19B6E} = {19B1C6DD-98FF-4C9A-B757-55F1B6E42D33}
		{A651C81C-B078-4476-9F79-606971C97814} = {19B1C6DD-98FF-4C9A-B757-55F1B6E42D33}
		{A4302CA4-A70A-433C-8AB7-EB0E639B60DB} = {3F2AB5CE-34B1-41AA-A5A6-DAAD604530E5}
		{9FFBFDD7-996D-4511-888C-1722B8ED9272} = {3F2AB5CE-34B1-41AA-A5A6-DAAD604530E5}
		{5B886FE7-7D13-4F99-8BA8-AE99C6B945EE} = {6AE3E9DC-548F-412B-91B2-C3897700B5A2}
		{01588FBD-F4E8-4DB7-86C6-14D701104A94} = {3F2AB5CE-34B1-41AA-A5A6-DAAD604530E5}
		{63430ECB-590A-4049-841F-12190D75993F} = {6AE3E9DC-548F-412B-91B2-C3897700B5A2}
		{0C8DFED7-19C5-4280-84DC-E6AE5573695F} = {434FA1A9-D720-4437-8E72-68DE20EEB113}
		{A297C131-4FAB-4F8F-B9B8-B5048FC12236} = {6AE3E9DC-548F-412B-91B2-C3897700B5A2}
		{8985E290-C7A0-4FBE-B9DB-0DF44F4020F2} = {3F2AB5CE-34B1-41AA-A5A6-DAAD604530E5}
		{675AD4FB-C3D9-4A41-84C9-8EBE047742AE} = {6AE3E9DC-548F-412B-91B2-C3897700B5A2}
		{A4A38FB6-F593-446B-9440-5CAF0666DFA1} = {1A4BFC28-313B-4906-A3FC-C4C6498B245E}
		{F3D1CD7F-9639-424D-B391-360F9B720AAA} = {1A4BFC28-313B-4906-A3FC-C4C6498B245E}
		{FE824085-880B-4BEF-A7E3-CF1826E43C93} = {1A4BFC28-313B-4906-A3FC-C4C6498B245E}
		{EE2D978A-7E76-4F3C-813B-8FBCE6C37DA0} = {6AE3E9DC-548F-412B-91B2-C3897700B5A2}
		{45AB9F59-7434-4522-B888-AAB41F50993B} = {6AE3E9DC-548F-412B-91B2-C3897700B5A2}
		{ACCDCAE3-B3AD-4462-8CED-A04C55E6E14A} = {19B1C6DD-98FF-4C9A-B757-55F1B6E42D33}
		{CEA2451F-4E90-4FBD-84F9-BDFE71F5C3B3} = {6AE3E9DC-548F-412B-91B2-C3897700B5A2}
	EndGlobalSection
EndGlobal
